
Microsoft Visual Studio Solution File, Format Version 12.00
Project("{FAE04EC0-301F-11D3-BF4B-00C04F79EFBC}") = "Models", "Models\Models.csproj", "{B15EA0E7-06C7-4349-9111-55A1ED0395B0}"
EndProject
Project("{FAE04EC0-301F-11D3-BF4B-00C04F79EFBC}") = "Database", "Database\Database.csproj", "{3A6A9C73-6259-40EF-A102-D0341EEB1544}"
EndProject
Project("{FAE04EC0-301F-11D3-BF4B-00C04F79EFBC}") = "Warehouse.WebApp", "Warehouse.WebApp\Warehouse.WebApp.csproj", "{6FFF6EF1-B305-407E-87C9-0DE4D0F695C2}"
EndProject
Project("{FAE04EC0-301F-11D3-BF4B-00C04F79EFBC}") = "DataLoadTest", "DataLoadTest\DataLoadTest.csproj", "{94020096-B2B7-4FB4-9CA2-561777842AB7}"
EndProject
Global
	GlobalSection(SolutionConfigurationPlatforms) = preSolution
		Debug|Any CPU = Debug|Any CPU
		Release|Any CPU = Release|Any CPU
	EndGlobalSection
	GlobalSection(ProjectConfigurationPlatforms) = postSolution
		{B15EA0E7-06C7-4349-9111-55A1ED0395B0}.Debug|Any CPU.ActiveCfg = Debug|Any CPU
		{B15EA0E7-06C7-4349-9111-55A1ED0395B0}.Debug|Any CPU.Build.0 = Debug|Any CPU
		{B15EA0E7-06C7-4349-9111-55A1ED0395B0}.Release|Any CPU.ActiveCfg = Release|Any CPU
		{B15EA0E7-06C7-4349-9111-55A1ED0395B0}.Release|Any CPU.Build.0 = Release|Any CPU
		{3A6A9C73-6259-40EF-A102-D0341EEB1544}.Debug|Any CPU.ActiveCfg = Debug|Any CPU
		{3A6A9C73-6259-40EF-A102-D0341EEB1544}.Debug|Any CPU.Build.0 = Debug|Any CPU
		{3A6A9C73-6259-40EF-A102-D0341EEB1544}.Release|Any CPU.ActiveCfg = Release|Any CPU
		{3A6A9C73-6259-40EF-A102-D0341EEB1544}.Release|Any CPU.Build.0 = Release|Any CPU
		{6FFF6EF1-B305-407E-87C9-0DE4D0F695C2}.Debug|Any CPU.ActiveCfg = Debug|Any CPU
		{6FFF6EF1-B305-407E-87C9-0DE4D0F695C2}.Debug|Any CPU.Build.0 = Debug|Any CPU
		{6FFF6EF1-B305-407E-87C9-0DE4D0F695C2}.Release|Any CPU.ActiveCfg = Release|Any CPU
		{6FFF6EF1-B305-407E-87C9-0DE4D0F695C2}.Release|Any CPU.Build.0 = Release|Any CPU
		{94020096-B2B7-4FB4-9CA2-561777842AB7}.Debug|Any CPU.ActiveCfg = Debug|Any CPU
		{94020096-B2B7-4FB4-9CA2-561777842AB7}.Debug|Any CPU.Build.0 = Debug|Any CPU
		{94020096-B2B7-4FB4-9CA2-561777842AB7}.Release|Any CPU.ActiveCfg = Release|Any CPU
		{94020096-B2B7-4FB4-9CA2-561777842AB7}.Release|Any CPU.Build.0 = Release|Any CPU
	EndGlobalSection
EndGlobal
